
Microsoft Visual Studio Solution File, Format Version 12.00
# Visual Studio Version 16
VisualStudioVersion = 16.0.30114.105
MinimumVisualStudioVersion = 10.0.40219.1
Project("{2150E333-8FDC-42A3-9474-1A3956D46DE8}") = "lab #1", "1", "{6F60C1B9-7073-4B8E-BB1A-5970CC34307B}"
EndProject
Project("{2150E333-8FDC-42A3-9474-1A3956D46DE8}") = "lab #1 sources", "src", "{61659120-9B90-4905-B724-11BB42C4631B}"
EndProject
Project("{FAE04EC0-301F-11D3-BF4B-00C04F79EFBC}") = "RandomVariableGenerating", "1\src\RandomVariableGenerating\RandomVariableGenerating.csproj", "{C921D723-F960-42A0-BE60-45BF8E6C7F53}"
EndProject
Project("{FAE04EC0-301F-11D3-BF4B-00C04F79EFBC}") = "RandomVariableGenerating.Demo", "1\src\RandomVariableGenerating.Demo\RandomVariableGenerating.Demo.csproj", "{EAB34C04-6396-4DA3-A8AB-C0EF5A308A7F}"
EndProject
Project("{2150E333-8FDC-42A3-9474-1A3956D46DE8}") = "lab #2", "2", "{1F87C38A-28CF-493A-A365-ED54B31F8C5A}"
EndProject
Project("{2150E333-8FDC-42A3-9474-1A3956D46DE8}") = "lab #2 sources", "src", "{7BD5F4D1-0E4A-4796-9EAC-C04AE4071CED}"
EndProject
Project("{FAE04EC0-301F-11D3-BF4B-00C04F79EFBC}") = "QueueingSystem", "2\src\QueueingSystem\QueueingSystem.csproj", "{86ECE666-3FA6-4426-8B0C-6E6340910A9A}"
EndProject
Project("{FAE04EC0-301F-11D3-BF4B-00C04F79EFBC}") = "QueueingSystem.Demo", "2\src\QueueingSystem.Demo\QueueingSystem.Demo.csproj", "{DD5D2695-C5F9-43C8-94E5-EB56FFD08C5A}"
EndProject
Global
	GlobalSection(SolutionConfigurationPlatforms) = preSolution
		Debug|Any CPU = Debug|Any CPU
		Debug|x64 = Debug|x64
		Debug|x86 = Debug|x86
		Release|Any CPU = Release|Any CPU
		Release|x64 = Release|x64
		Release|x86 = Release|x86
	EndGlobalSection
	GlobalSection(SolutionProperties) = preSolution
		HideSolutionNode = FALSE
	EndGlobalSection
	GlobalSection(ProjectConfigurationPlatforms) = postSolution
		{C921D723-F960-42A0-BE60-45BF8E6C7F53}.Debug|Any CPU.ActiveCfg = Debug|Any CPU
		{C921D723-F960-42A0-BE60-45BF8E6C7F53}.Debug|Any CPU.Build.0 = Debug|Any CPU
		{C921D723-F960-42A0-BE60-45BF8E6C7F53}.Debug|x64.ActiveCfg = Debug|Any CPU
		{C921D723-F960-42A0-BE60-45BF8E6C7F53}.Debug|x64.Build.0 = Debug|Any CPU
		{C921D723-F960-42A0-BE60-45BF8E6C7F53}.Debug|x86.ActiveCfg = Debug|Any CPU
		{C921D723-F960-42A0-BE60-45BF8E6C7F53}.Debug|x86.Build.0 = Debug|Any CPU
		{C921D723-F960-42A0-BE60-45BF8E6C7F53}.Release|Any CPU.ActiveCfg = Release|Any CPU
		{C921D723-F960-42A0-BE60-45BF8E6C7F53}.Release|Any CPU.Build.0 = Release|Any CPU
		{C921D723-F960-42A0-BE60-45BF8E6C7F53}.Release|x64.ActiveCfg = Release|Any CPU
		{C921D723-F960-42A0-BE60-45BF8E6C7F53}.Release|x64.Build.0 = Release|Any CPU
		{C921D723-F960-42A0-BE60-45BF8E6C7F53}.Release|x86.ActiveCfg = Release|Any CPU
		{C921D723-F960-42A0-BE60-45BF8E6C7F53}.Release|x86.Build.0 = Release|Any CPU
		{EAB34C04-6396-4DA3-A8AB-C0EF5A308A7F}.Debug|Any CPU.ActiveCfg = Debug|Any CPU
		{EAB34C04-6396-4DA3-A8AB-C0EF5A308A7F}.Debug|Any CPU.Build.0 = Debug|Any CPU
		{EAB34C04-6396-4DA3-A8AB-C0EF5A308A7F}.Debug|x64.ActiveCfg = Debug|Any CPU
		{EAB34C04-6396-4DA3-A8AB-C0EF5A308A7F}.Debug|x64.Build.0 = Debug|Any CPU
		{EAB34C04-6396-4DA3-A8AB-C0EF5A308A7F}.Debug|x86.ActiveCfg = Debug|Any CPU
		{EAB34C04-6396-4DA3-A8AB-C0EF5A308A7F}.Debug|x86.Build.0 = Debug|Any CPU
		{EAB34C04-6396-4DA3-A8AB-C0EF5A308A7F}.Release|Any CPU.ActiveCfg = Release|Any CPU
		{EAB34C04-6396-4DA3-A8AB-C0EF5A308A7F}.Release|Any CPU.Build.0 = Release|Any CPU
		{EAB34C04-6396-4DA3-A8AB-C0EF5A308A7F}.Release|x64.ActiveCfg = Release|Any CPU
		{EAB34C04-6396-4DA3-A8AB-C0EF5A308A7F}.Release|x64.Build.0 = Release|Any CPU
		{EAB34C04-6396-4DA3-A8AB-C0EF5A308A7F}.Release|x86.ActiveCfg = Release|Any CPU
		{EAB34C04-6396-4DA3-A8AB-C0EF5A308A7F}.Release|x86.Build.0 = Release|Any CPU
		{86ECE666-3FA6-4426-8B0C-6E6340910A9A}.Debug|Any CPU.ActiveCfg = Debug|Any CPU
		{86ECE666-3FA6-4426-8B0C-6E6340910A9A}.Debug|Any CPU.Build.0 = Debug|Any CPU
		{86ECE666-3FA6-4426-8B0C-6E6340910A9A}.Debug|x64.ActiveCfg = Debug|Any CPU
		{86ECE666-3FA6-4426-8B0C-6E6340910A9A}.Debug|x64.Build.0 = Debug|Any CPU
		{86ECE666-3FA6-4426-8B0C-6E6340910A9A}.Debug|x86.ActiveCfg = Debug|Any CPU
		{86ECE666-3FA6-4426-8B0C-6E6340910A9A}.Debug|x86.Build.0 = Debug|Any CPU
		{86ECE666-3FA6-4426-8B0C-6E6340910A9A}.Release|Any CPU.ActiveCfg = Release|Any CPU
		{86ECE666-3FA6-4426-8B0C-6E6340910A9A}.Release|Any CPU.Build.0 = Release|Any CPU
		{86ECE666-3FA6-4426-8B0C-6E6340910A9A}.Release|x64.ActiveCfg = Release|Any CPU
		{86ECE666-3FA6-4426-8B0C-6E6340910A9A}.Release|x64.Build.0 = Release|Any CPU
		{86ECE666-3FA6-4426-8B0C-6E6340910A9A}.Release|x86.ActiveCfg = Release|Any CPU
		{86ECE666-3FA6-4426-8B0C-6E6340910A9A}.Release|x86.Build.0 = Release|Any CPU
		{DD5D2695-C5F9-43C8-94E5-EB56FFD08C5A}.Debug|Any CPU.ActiveCfg = Debug|Any CPU
		{DD5D2695-C5F9-43C8-94E5-EB56FFD08C5A}.Debug|Any CPU.Build.0 = Debug|Any CPU
		{DD5D2695-C5F9-43C8-94E5-EB56FFD08C5A}.Debug|x64.ActiveCfg = Debug|Any CPU
		{DD5D2695-C5F9-43C8-94E5-EB56FFD08C5A}.Debug|x64.Build.0 = Debug|Any CPU
		{DD5D2695-C5F9-43C8-94E5-EB56FFD08C5A}.Debug|x86.ActiveCfg = Debug|Any CPU
		{DD5D2695-C5F9-43C8-94E5-EB56FFD08C5A}.Debug|x86.Build.0 = Debug|Any CPU
		{DD5D2695-C5F9-43C8-94E5-EB56FFD08C5A}.Release|Any CPU.ActiveCfg = Release|Any CPU
		{DD5D2695-C5F9-43C8-94E5-EB56FFD08C5A}.Release|Any CPU.Build.0 = Release|Any CPU
		{DD5D2695-C5F9-43C8-94E5-EB56FFD08C5A}.Release|x64.ActiveCfg = Release|Any CPU
		{DD5D2695-C5F9-43C8-94E5-EB56FFD08C5A}.Release|x64.Build.0 = Release|Any CPU
		{DD5D2695-C5F9-43C8-94E5-EB56FFD08C5A}.Release|x86.ActiveCfg = Release|Any CPU
		{DD5D2695-C5F9-43C8-94E5-EB56FFD08C5A}.Release|x86.Build.0 = Release|Any CPU
	EndGlobalSection
	GlobalSection(NestedProjects) = preSolution
		{61659120-9B90-4905-B724-11BB42C4631B} = {6F60C1B9-7073-4B8E-BB1A-5970CC34307B}
		{C921D723-F960-42A0-BE60-45BF8E6C7F53} = {61659120-9B90-4905-B724-11BB42C4631B}
		{EAB34C04-6396-4DA3-A8AB-C0EF5A308A7F} = {61659120-9B90-4905-B724-11BB42C4631B}
		{7BD5F4D1-0E4A-4796-9EAC-C04AE4071CED} = {1F87C38A-28CF-493A-A365-ED54B31F8C5A}
		{86ECE666-3FA6-4426-8B0C-6E6340910A9A} = {7BD5F4D1-0E4A-4796-9EAC-C04AE4071CED}
		{DD5D2695-C5F9-43C8-94E5-EB56FFD08C5A} = {7BD5F4D1-0E4A-4796-9EAC-C04AE4071CED}
	EndGlobalSection
EndGlobal
